
Microsoft Visual Studio Solution File, Format Version 12.00
# Visual Studio Version 16
VisualStudioVersion = 16.0.34031.81
MinimumVisualStudioVersion = 10.0.40219.1
Project("{2150E333-8FDC-42A3-9474-1A3956D46DE8}") = "Task0", "Task0", "{FF31CC1B-37EC-4115-841B-5DDDECE285B5}"
EndProject
Project("{FAE04EC0-301F-11D3-BF4B-00C04F79EFBC}") = "Tyuiu.KolchakovaA.Sprint0.Task0.V0", "Tyuiu.KolchakovaA.Sprint0.Task0.V0\Tyuiu.KolchakovaA.Sprint0.Task0.V0.csproj", "{26804BF2-F9D9-406A-AF5A-22BDDAFFC9D3}"
EndProject
Project("{2150E333-8FDC-42A3-9474-1A3956D46DE8}") = "Task1", "Task1", "{BC46E248-010A-4F9E-BE3E-E10371CFE384}"
EndProject
Project("{FAE04EC0-301F-11D3-BF4B-00C04F79EFBC}") = "Tyuiu.KolchakokovaA.Sprint0.Task1.V0", "Tyuiu.KolchakokovaA.Sprint0.Task1.V0\Tyuiu.KolchakokovaA.Sprint0.Task1.V0.csproj", "{6DF891A1-A52D-4E3D-806C-E09D44076ACB}"
EndProject
Project("{2150E333-8FDC-42A3-9474-1A3956D46DE8}") = "Task2", "Task2", "{6BA33291-4EC5-470A-B91A-26D9CC6666E9}"
EndProject
Project("{FAE04EC0-301F-11D3-BF4B-00C04F79EFBC}") = "Tyuiu.KolchakovaA.Sprint0.Task2.V0", "Tyuiu.KolchakovaA.Sprint0.Task2.V0\Tyuiu.KolchakovaA.Sprint0.Task2.V0.csproj", "{C003D5FA-025A-411A-88C3-CF8AC03B638A}"
EndProject
Project("{FAE04EC0-301F-11D3-BF4B-00C04F79EFBC}") = "Tyuiu.KolchakovaA.Sprint0.Task2.V0.Lib", "Tyuiu.KolchakovaA.Sprint0.Task2.V0.Lib\Tyuiu.KolchakovaA.Sprint0.Task2.V0.Lib.csproj", "{80BF0DDA-6201-450D-A2B5-E5B2FB2DE646}"
EndProject
Project("{FAE04EC0-301F-11D3-BF4B-00C04F79EFBC}") = "Tyuiu.KolchakovaA.Sprint0.Task2.V0.Test", "Tyuiu.KolchakovaAr.Sprint0.Task2.V0.Test\Tyuiu.KolchakovaA.Sprint0.Task2.V0.Test.csproj", "{D5962105-9CA0-4D72-A47C-EF4CAD5CB8D8}"
EndProject
Project("{2150E333-8FDC-42A3-9474-1A3956D46DE8}") = "Task3", "Task3", "{933E2E16-3453-48FE-B1F0-5F6230E730F4}"
EndProject
Project("{FAE04EC0-301F-11D3-BF4B-00C04F79EFBC}") = "Tyuiu.KolchakovaA.Sprint0.Task3.V0", "Tyuiu.KolchakovaA.Sprint0.Task3.V\Tyuiu.KolchakovaA.Sprint0.Task3.V0.csproj", "{2BE8726E-0B37-4733-B90A-87C295825F17}"
EndProject
Project("{FAE04EC0-301F-11D3-BF4B-00C04F79EFBC}") = "Tyuiu.KolchakovaA.Sprint0.Task3.V0.Lib", "Tyuiu.KolchakovaA.Sprint0.Task3.V0.Lib\Tyuiu.KolchakovaA.Sprint0.Task3.V0.Lib.csproj", "{CCD8F278-E352-4B7B-8FE9-440BB38E1254}"
EndProject
Project("{FAE04EC0-301F-11D3-BF4B-00C04F79EFBC}") = "Tyuiu.KolchakovaA.Sprint0.Task3.V0.Test", "Tyuiu.KolchakovaA.Sprint0.Task3.V0.Test\Tyuiu.KolchakovaA.Sprint0.Task3.V0.Test.csproj", "{1600458C-90F5-4278-845A-3FA5FC509A1A}"
EndProject
Project("{2150E333-8FDC-42A3-9474-1A3956D46DE8}") = "Task4", "Task4", "{196AB035-F314-4AA6-8A18-A32C218FDC58}"
EndProject
Project("{FAE04EC0-301F-11D3-BF4B-00C04F79EFBC}") = "Tyuiu.KolchakovaAr.Sprint0.Task4.V0", "Tyuiu.KolchakovaAr.Sprint0.Task4.V0\Tyuiu.KolchakovaAr.Sprint0.Task4.V0.csproj", "{B3499C53-3CDF-4A3A-98F5-2EC05EFF0D80}"
EndProject
Project("{FAE04EC0-301F-11D3-BF4B-00C04F79EFBC}") = "Tyuiu.KolchakovaAr.Sprint0.Task4.V0.Test", "Tyuiu.KolchakovaAr.Sprint0.Task4.V0.Test\Tyuiu.KolchakovaAr.Sprint0.Task4.V0.Test.csproj", "{F329B6A9-F800-44A1-9E25-6EF1C97C109B}"
EndProject
Project("{FAE04EC0-301F-11D3-BF4B-00C04F79EFBC}") = "Tyuiu.KolchakovaAr.Sprint0.Task4.V0.Lib", "Tyuiu.KolchakovaAr.Sprint0.Task4.V0.Lib\Tyuiu.KolchakovaAr.Sprint0.Task4.V0.Lib.csproj", "{365D3A09-69C6-4854-B157-6CD0BFBD4340}"
EndProject
Project("{2150E333-8FDC-42A3-9474-1A3956D46DE8}") = "Task5", "Task5", "{DFBF34BE-B711-4446-A4BE-25A44F68F4B1}"
EndProject
Project("{FAE04EC0-301F-11D3-BF4B-00C04F79EFBC}") = "Tyuiu.KolchakovaA.Sprint0.V0", "Tyuiu.KolchakovaA.Sprint0.Task5.V0\Tyuiu.KolchakovaA.Sprint0.V0.csproj", "{3A754E15-EA01-41E4-A798-6AC19DC7EEC9}"
EndProject
Project("{FAE04EC0-301F-11D3-BF4B-00C04F79EFBC}") = "Tyuiu.KolchakovaA.Sprint0.Task5.V0.Lib", "Tyuiu.KolchakovaA.Sprint0.Task5.V0.Lib\Tyuiu.KolchakovaA.Sprint0.Task5.V0.Lib.csproj", "{32B9F989-64BB-4DE4-8272-3BC6F67CCEE2}"
EndProject
Project("{FAE04EC0-301F-11D3-BF4B-00C04F79EFBC}") = "Tyuiu.KolchakovaA.Sprint0.Task5.V0.Test", "Tyuiu.KolchakovaA.Sprint0\Tyuiu.KolchakovaA.Sprint0.Task5.V0.Test.csproj", "{C042B540-CEDF-494B-9F43-D4CD3B524F3D}"
EndProject
Project("{2150E333-8FDC-42A3-9474-1A3956D46DE8}") = "Task6", "Task6", "{1F07832B-D3AC-4CC6-BE0A-C27B143E6F73}"
EndProject
Project("{FAE04EC0-301F-11D3-BF4B-00C04F79EFBC}") = "Tyuiu.KolchakovaA.Sprint0.Task6.V0", "Tyuiu.KolchakovaA.Sprint0.Task6.V0\Tyuiu.KolchakovaA.Sprint0.Task6.V0.csproj", "{A5862DEA-8C88-4092-B3D1-5278186F0732}"
EndProject
Project("{FAE04EC0-301F-11D3-BF4B-00C04F79EFBC}") = "Tyuiu.KolchakovaA.Sprint0.Task6.V0.Lib", "Tyuiu.KolchakovaA.Sprint0.Task6.V0.Lib\Tyuiu.KolchakovaA.Sprint0.Task6.V0.Lib.csproj", "{B4D2A48A-B428-4BA9-94BC-C3F55097B408}"
EndProject
Project("{FAE04EC0-301F-11D3-BF4B-00C04F79EFBC}") = "Tyuiu.KolchakovaA.Sprint0.Task6.V0.Test", "Tyuiu.KolchakovaA.Sprint0.Task6.V0.Test\Tyuiu.KolchakovaA.Sprint0.Task6.V0.Test.csproj", "{0D2626D3-B312-465B-A9E8-FBF425AD48AC}"
EndProject
Global
	GlobalSection(SolutionConfigurationPlatforms) = preSolution
		Debug|Any CPU = Debug|Any CPU
		Release|Any CPU = Release|Any CPU
	EndGlobalSection
	GlobalSection(ProjectConfigurationPlatforms) = postSolution
		{26804BF2-F9D9-406A-AF5A-22BDDAFFC9D3}.Debug|Any CPU.ActiveCfg = Debug|Any CPU
		{26804BF2-F9D9-406A-AF5A-22BDDAFFC9D3}.Debug|Any CPU.Build.0 = Debug|Any CPU
		{26804BF2-F9D9-406A-AF5A-22BDDAFFC9D3}.Release|Any CPU.ActiveCfg = Release|Any CPU
		{26804BF2-F9D9-406A-AF5A-22BDDAFFC9D3}.Release|Any CPU.Build.0 = Release|Any CPU
		{6DF891A1-A52D-4E3D-806C-E09D44076ACB}.Debug|Any CPU.ActiveCfg = Debug|Any CPU
		{6DF891A1-A52D-4E3D-806C-E09D44076ACB}.Debug|Any CPU.Build.0 = Debug|Any CPU
		{6DF891A1-A52D-4E3D-806C-E09D44076ACB}.Release|Any CPU.ActiveCfg = Release|Any CPU
		{6DF891A1-A52D-4E3D-806C-E09D44076ACB}.Release|Any CPU.Build.0 = Release|Any CPU
		{C003D5FA-025A-411A-88C3-CF8AC03B638A}.Debug|Any CPU.ActiveCfg = Debug|Any CPU
		{C003D5FA-025A-411A-88C3-CF8AC03B638A}.Debug|Any CPU.Build.0 = Debug|Any CPU
		{C003D5FA-025A-411A-88C3-CF8AC03B638A}.Release|Any CPU.ActiveCfg = Release|Any CPU
		{C003D5FA-025A-411A-88C3-CF8AC03B638A}.Release|Any CPU.Build.0 = Release|Any CPU
		{80BF0DDA-6201-450D-A2B5-E5B2FB2DE646}.Debug|Any CPU.ActiveCfg = Debug|Any CPU
		{80BF0DDA-6201-450D-A2B5-E5B2FB2DE646}.Debug|Any CPU.Build.0 = Debug|Any CPU
		{80BF0DDA-6201-450D-A2B5-E5B2FB2DE646}.Release|Any CPU.ActiveCfg = Release|Any CPU
		{80BF0DDA-6201-450D-A2B5-E5B2FB2DE646}.Release|Any CPU.Build.0 = Release|Any CPU
		{D5962105-9CA0-4D72-A47C-EF4CAD5CB8D8}.Debug|Any CPU.ActiveCfg = Debug|Any CPU
		{D5962105-9CA0-4D72-A47C-EF4CAD5CB8D8}.Debug|Any CPU.Build.0 = Debug|Any CPU
		{D5962105-9CA0-4D72-A47C-EF4CAD5CB8D8}.Release|Any CPU.ActiveCfg = Release|Any CPU
		{D5962105-9CA0-4D72-A47C-EF4CAD5CB8D8}.Release|Any CPU.Build.0 = Release|Any CPU
		{2BE8726E-0B37-4733-B90A-87C295825F17}.Debug|Any CPU.ActiveCfg = Debug|Any CPU
		{2BE8726E-0B37-4733-B90A-87C295825F17}.Debug|Any CPU.Build.0 = Debug|Any CPU
		{2BE8726E-0B37-4733-B90A-87C295825F17}.Release|Any CPU.ActiveCfg = Release|Any CPU
		{2BE8726E-0B37-4733-B90A-87C295825F17}.Release|Any CPU.Build.0 = Release|Any CPU
		{CCD8F278-E352-4B7B-8FE9-440BB38E1254}.Debug|Any CPU.ActiveCfg = Debug|Any CPU
		{CCD8F278-E352-4B7B-8FE9-440BB38E1254}.Debug|Any CPU.Build.0 = Debug|Any CPU
		{CCD8F278-E352-4B7B-8FE9-440BB38E1254}.Release|Any CPU.ActiveCfg = Release|Any CPU
		{CCD8F278-E352-4B7B-8FE9-440BB38E1254}.Release|Any CPU.Build.0 = Release|Any CPU
		{1600458C-90F5-4278-845A-3FA5FC509A1A}.Debug|Any CPU.ActiveCfg = Debug|Any CPU
		{1600458C-90F5-4278-845A-3FA5FC509A1A}.Debug|Any CPU.Build.0 = Debug|Any CPU
		{1600458C-90F5-4278-845A-3FA5FC509A1A}.Release|Any CPU.ActiveCfg = Release|Any CPU
		{1600458C-90F5-4278-845A-3FA5FC509A1A}.Release|Any CPU.Build.0 = Release|Any CPU
		{B3499C53-3CDF-4A3A-98F5-2EC05EFF0D80}.Debug|Any CPU.ActiveCfg = Debug|Any CPU
		{B3499C53-3CDF-4A3A-98F5-2EC05EFF0D80}.Debug|Any CPU.Build.0 = Debug|Any CPU
		{B3499C53-3CDF-4A3A-98F5-2EC05EFF0D80}.Release|Any CPU.ActiveCfg = Release|Any CPU
		{B3499C53-3CDF-4A3A-98F5-2EC05EFF0D80}.Release|Any CPU.Build.0 = Release|Any CPU
		{F329B6A9-F800-44A1-9E25-6EF1C97C109B}.Debug|Any CPU.ActiveCfg = Debug|Any CPU
		{F329B6A9-F800-44A1-9E25-6EF1C97C109B}.Debug|Any CPU.Build.0 = Debug|Any CPU
		{F329B6A9-F800-44A1-9E25-6EF1C97C109B}.Release|Any CPU.ActiveCfg = Release|Any CPU
		{F329B6A9-F800-44A1-9E25-6EF1C97C109B}.Release|Any CPU.Build.0 = Release|Any CPU
		{365D3A09-69C6-4854-B157-6CD0BFBD4340}.Debug|Any CPU.ActiveCfg = Debug|Any CPU
		{365D3A09-69C6-4854-B157-6CD0BFBD4340}.Debug|Any CPU.Build.0 = Debug|Any CPU
		{365D3A09-69C6-4854-B157-6CD0BFBD4340}.Release|Any CPU.ActiveCfg = Release|Any CPU
		{365D3A09-69C6-4854-B157-6CD0BFBD4340}.Release|Any CPU.Build.0 = Release|Any CPU
		{3A754E15-EA01-41E4-A798-6AC19DC7EEC9}.Debug|Any CPU.ActiveCfg = Debug|Any CPU
		{3A754E15-EA01-41E4-A798-6AC19DC7EEC9}.Debug|Any CPU.Build.0 = Debug|Any CPU
		{3A754E15-EA01-41E4-A798-6AC19DC7EEC9}.Release|Any CPU.ActiveCfg = Release|Any CPU
		{3A754E15-EA01-41E4-A798-6AC19DC7EEC9}.Release|Any CPU.Build.0 = Release|Any CPU
		{32B9F989-64BB-4DE4-8272-3BC6F67CCEE2}.Debug|Any CPU.ActiveCfg = Debug|Any CPU
		{32B9F989-64BB-4DE4-8272-3BC6F67CCEE2}.Debug|Any CPU.Build.0 = Debug|Any CPU
		{32B9F989-64BB-4DE4-8272-3BC6F67CCEE2}.Release|Any CPU.ActiveCfg = Release|Any CPU
		{32B9F989-64BB-4DE4-8272-3BC6F67CCEE2}.Release|Any CPU.Build.0 = Release|Any CPU
		{C042B540-CEDF-494B-9F43-D4CD3B524F3D}.Debug|Any CPU.ActiveCfg = Debug|Any CPU
		{C042B540-CEDF-494B-9F43-D4CD3B524F3D}.Debug|Any CPU.Build.0 = Debug|Any CPU
		{C042B540-CEDF-494B-9F43-D4CD3B524F3D}.Release|Any CPU.ActiveCfg = Release|Any CPU
		{C042B540-CEDF-494B-9F43-D4CD3B524F3D}.Release|Any CPU.Build.0 = Release|Any CPU
		{A5862DEA-8C88-4092-B3D1-5278186F0732}.Debug|Any CPU.ActiveCfg = Debug|Any CPU
		{A5862DEA-8C88-4092-B3D1-5278186F0732}.Debug|Any CPU.Build.0 = Debug|Any CPU
		{A5862DEA-8C88-4092-B3D1-5278186F0732}.Release|Any CPU.ActiveCfg = Release|Any CPU
		{A5862DEA-8C88-4092-B3D1-5278186F0732}.Release|Any CPU.Build.0 = Release|Any CPU
		{B4D2A48A-B428-4BA9-94BC-C3F55097B408}.Debug|Any CPU.ActiveCfg = Debug|Any CPU
		{B4D2A48A-B428-4BA9-94BC-C3F55097B408}.Debug|Any CPU.Build.0 = Debug|Any CPU
		{B4D2A48A-B428-4BA9-94BC-C3F55097B408}.Release|Any CPU.ActiveCfg = Release|Any CPU
		{B4D2A48A-B428-4BA9-94BC-C3F55097B408}.Release|Any CPU.Build.0 = Release|Any CPU
		{0D2626D3-B312-465B-A9E8-FBF425AD48AC}.Debug|Any CPU.ActiveCfg = Debug|Any CPU
		{0D2626D3-B312-465B-A9E8-FBF425AD48AC}.Debug|Any CPU.Build.0 = Debug|Any CPU
		{0D2626D3-B312-465B-A9E8-FBF425AD48AC}.Release|Any CPU.ActiveCfg = Release|Any CPU
		{0D2626D3-B312-465B-A9E8-FBF425AD48AC}.Release|Any CPU.Build.0 = Release|Any CPU
	EndGlobalSection
	GlobalSection(SolutionProperties) = preSolution
		HideSolutionNode = FALSE
	EndGlobalSection
	GlobalSection(NestedProjects) = preSolution
		{26804BF2-F9D9-406A-AF5A-22BDDAFFC9D3} = {FF31CC1B-37EC-4115-841B-5DDDECE285B5}
		{6DF891A1-A52D-4E3D-806C-E09D44076ACB} = {BC46E248-010A-4F9E-BE3E-E10371CFE384}
		{C003D5FA-025A-411A-88C3-CF8AC03B638A} = {6BA33291-4EC5-470A-B91A-26D9CC6666E9}
		{80BF0DDA-6201-450D-A2B5-E5B2FB2DE646} = {6BA33291-4EC5-470A-B91A-26D9CC6666E9}
		{D5962105-9CA0-4D72-A47C-EF4CAD5CB8D8} = {6BA33291-4EC5-470A-B91A-26D9CC6666E9}
		{2BE8726E-0B37-4733-B90A-87C295825F17} = {933E2E16-3453-48FE-B1F0-5F6230E730F4}
		{CCD8F278-E352-4B7B-8FE9-440BB38E1254} = {933E2E16-3453-48FE-B1F0-5F6230E730F4}
		{1600458C-90F5-4278-845A-3FA5FC509A1A} = {933E2E16-3453-48FE-B1F0-5F6230E730F4}
		{B3499C53-3CDF-4A3A-98F5-2EC05EFF0D80} = {196AB035-F314-4AA6-8A18-A32C218FDC58}
		{F329B6A9-F800-44A1-9E25-6EF1C97C109B} = {196AB035-F314-4AA6-8A18-A32C218FDC58}
		{365D3A09-69C6-4854-B157-6CD0BFBD4340} = {196AB035-F314-4AA6-8A18-A32C218FDC58}
		{3A754E15-EA01-41E4-A798-6AC19DC7EEC9} = {DFBF34BE-B711-4446-A4BE-25A44F68F4B1}
		{32B9F989-64BB-4DE4-8272-3BC6F67CCEE2} = {DFBF34BE-B711-4446-A4BE-25A44F68F4B1}
		{C042B540-CEDF-494B-9F43-D4CD3B524F3D} = {DFBF34BE-B711-4446-A4BE-25A44F68F4B1}
		{A5862DEA-8C88-4092-B3D1-5278186F0732} = {1F07832B-D3AC-4CC6-BE0A-C27B143E6F73}
		{B4D2A48A-B428-4BA9-94BC-C3F55097B408} = {1F07832B-D3AC-4CC6-BE0A-C27B143E6F73}
		{0D2626D3-B312-465B-A9E8-FBF425AD48AC} = {1F07832B-D3AC-4CC6-BE0A-C27B143E6F73}
	EndGlobalSection
	GlobalSection(ExtensibilityGlobals) = postSolution
		SolutionGuid = {EC3924B4-ABB7-48BD-89A2-2827D35AF6C5}
	EndGlobalSection
EndGlobal
